# @generated - this file is auto-generated by `mise lock` https://mise.jdx.dev/dev-tools/mise-lock.html

[[tools.fd]]
version = "10.4.2"
backend = "aqua:sharkdp/fd"

[tools.fd."platforms.linux-arm64"]
checksum = "sha256:f32d3657473fba74e2600babc8db0b93420d51169223b7e8143b2ed55d8fd9e8"
url = "https://github.com/sharkdp/fd/releases/download/v10.4.2/fd-v10.4.2-aarch64-unknown-linux-musl.tar.gz"
url_api = "https://api.github.com/repos/sharkdp/fd/releases/assets/370662859"

[tools.fd."platforms.linux-arm64-musl"]
checksum = "sha256:f32d3657473fba74e2600babc8db0b93420d51169223b7e8143b2ed55d8fd9e8"
url = "https://github.com/sharkdp/fd/releases/download/v10.4.2/fd-v10.4.2-aarch64-unknown-linux-musl.tar.gz"
url_api = "https://api.github.com/repos/sharkdp/fd/releases/assets/370662859"

[tools.fd."platforms.linux-x64"]
checksum = "sha256:e3257d48e29a6be965187dbd24ce9af564e0fe67b3e73c9bdcd180f4ec11bdde"
url = "https://github.com/sharkdp/fd/releases/download/v10.4.2/fd-v10.4.2-x86_64-unknown-linux-musl.tar.gz"
url_api = "https://api.github.com/repos/sharkdp/fd/releases/assets/370662855"

[tools.fd."platforms.linux-x64-musl"]
checksum = "sha256:e3257d48e29a6be965187dbd24ce9af564e0fe67b3e73c9bdcd180f4ec11bdde"
url = "https://github.com/sharkdp/fd/releases/download/v10.4.2/fd-v10.4.2-x86_64-unknown-linux-musl.tar.gz"
url_api = "https://api.github.com/repos/sharkdp/fd/releases/assets/370662855"

[tools.fd."platforms.macos-arm64"]
checksum = "sha256:623dc0afc81b92e4d4606b380d7bc91916ba7b97814263e554d50923a39e480a"
url = "https://github.com/sharkdp/fd/releases/download/v10.4.2/fd-v10.4.2-aarch64-apple-darwin.tar.gz"
url_api = "https://api.github.com/repos/sharkdp/fd/releases/assets/370661116"

[tools.fd."platforms.windows-x64"]
checksum = "sha256:b2816e506390a89941c63c9187d58a3cc10e9a55f2ef0685f9ea0eccaf7c98c8"
url = "https://github.com/sharkdp/fd/releases/download/v10.4.2/fd-v10.4.2-x86_64-pc-windows-msvc.zip"
url_api = "https://api.github.com/repos/sharkdp/fd/releases/assets/370661516"

[[tools.fzf]]
version = "0.74.2"
backend = "aqua:junegunn/fzf"

[tools.fzf."platforms.linux-arm64"]
checksum = "sha256:1373e3f5ed3c468179d4529942ddd96c234bcad1bcacaf238916e26a5234b5b2"
url = "https://github.com/junegunn/fzf/releases/download/v0.74.2/fzf-0.74.2-linux_arm64.tar.gz"
url_api = "https://api.github.com/repos/junegunn/fzf/releases/assets/497342620"

[tools.fzf."platforms.linux-arm64-musl"]
checksum = "sha256:1373e3f5ed3c468179d4529942ddd96c234bcad1bcacaf238916e26a5234b5b2"
url = "https://github.com/junegunn/fzf/releases/download/v0.74.2/fzf-0.74.2-linux_arm64.tar.gz"
url_api = "https://api.github.com/repos/junegunn/fzf/releases/assets/497342620"

[tools.fzf."platforms.linux-x64"]
checksum = "sha256:b3648f48675612b69ee35371cf6dc99ca96d767e89b912d079080916ac8ba8bd"
url = "https://github.com/junegunn/fzf/releases/download/v0.74.2/fzf-0.74.2-linux_amd64.tar.gz"
url_api = "https://api.github.com/repos/junegunn/fzf/releases/assets/497342478"

[tools.fzf."platforms.linux-x64-musl"]
checksum = "sha256:b3648f48675612b69ee35371cf6dc99ca96d767e89b912d079080916ac8ba8bd"
url = "https://github.com/junegunn/fzf/releases/download/v0.74.2/fzf-0.74.2-linux_amd64.tar.gz"
url_api = "https://api.github.com/repos/junegunn/fzf/releases/assets/497342478"

[tools.fzf."platforms.macos-arm64"]
checksum = "sha256:d60ddb36356566ac69bae7c3504e888916cf747c9ad2132141c09229b1e28dee"
url = "https://github.com/junegunn/fzf/releases/download/v0.74.2/fzf-0.74.2-darwin_arm64.tar.gz"
url_api = "https://api.github.com/repos/junegunn/fzf/releases/assets/497342630"

[tools.fzf."platforms.macos-x64"]
checksum = "sha256:b019ae8bcca33945a2ffbbbf8369705405cd1406fc4d74267e712797010e3676"
url = "https://github.com/junegunn/fzf/releases/download/v0.74.2/fzf-0.74.2-darwin_amd64.tar.gz"
url_api = "https://api.github.com/repos/junegunn/fzf/releases/assets/497342631"

[tools.fzf."platforms.windows-x64"]
checksum = "sha256:a5a3b27dd203469139d10669721952335b9b46f19346e3d1abc102a67ea60804"
url = "https://github.com/junegunn/fzf/releases/download/v0.74.2/fzf-0.74.2-windows_amd64.zip"
url_api = "https://api.github.com/repos/junegunn/fzf/releases/assets/497342617"

[[tools.gh]]
version = "2.97.0"
backend = "aqua:cli/cli"

[tools.gh."platforms.linux-arm64"]
checksum = "sha256:73ea440ecad9c9e284429997ee6f93577bc6f7bc6fba357ef62c53ad8fb641a5"
url = "https://github.com/cli/cli/releases/download/v2.97.0/gh_2.97.0_linux_arm64.tar.gz"
url_api = "https://api.github.com/repos/cli/cli/releases/assets/496108278"
provenance = "github-attestations"

[tools.gh."platforms.linux-arm64-musl"]
checksum = "sha256:73ea440ecad9c9e284429997ee6f93577bc6f7bc6fba357ef62c53ad8fb641a5"
url = "https://github.com/cli/cli/releases/download/v2.97.0/gh_2.97.0_linux_arm64.tar.gz"
url_api = "https://api.github.com/repos/cli/cli/releases/assets/496108278"
provenance = "github-attestations"

[tools.gh."platforms.linux-x64"]
checksum = "sha256:a2c9b8497e1f85b1ad0dfcb78b5a622e098801b8e461e459e88e1ee12f018112"
url = "https://github.com/cli/cli/releases/download/v2.97.0/gh_2.97.0_linux_amd64.tar.gz"
url_api = "https://api.github.com/repos/cli/cli/releases/assets/496108269"
provenance = "github-attestations"

[tools.gh."platforms.linux-x64-musl"]
checksum = "sha256:a2c9b8497e1f85b1ad0dfcb78b5a622e098801b8e461e459e88e1ee12f018112"
url = "https://github.com/cli/cli/releases/download/v2.97.0/gh_2.97.0_linux_amd64.tar.gz"
url_api = "https://api.github.com/repos/cli/cli/releases/assets/496108269"
provenance = "github-attestations"

[tools.gh."platforms.macos-arm64"]
checksum = "sha256:a58b8fd77b417a38f47a0b54d1370c59b0fcdb324ccc9ca002b0998f7c4c999e"
url = "https://github.com/cli/cli/releases/download/v2.97.0/gh_2.97.0_macOS_arm64.zip"
url_api = "https://api.github.com/repos/cli/cli/releases/assets/496108298"
provenance = "github-attestations"

[tools.gh."platforms.macos-x64"]
checksum = "sha256:63298c998cc2a924c9e254c6af6a1caad6ece281122687a91f079bc0a462700e"
url = "https://github.com/cli/cli/releases/download/v2.97.0/gh_2.97.0_macOS_amd64.zip"
url_api = "https://api.github.com/repos/cli/cli/releases/assets/496108300"
provenance = "github-attestations"

[tools.gh."platforms.windows-x64"]
checksum = "sha256:35d7fe05c4dd1411ffda1e73dfc7c6f44b75c936ca51fa6595c657fdc0350cec"
url = "https://github.com/cli/cli/releases/download/v2.97.0/gh_2.97.0_windows_amd64.zip"
url_api = "https://api.github.com/repos/cli/cli/releases/assets/496108319"
provenance = "github-attestations"

[[tools.neovim]]
version = "nightly"
backend = "vfox:mise-plugins/vfox-neovim"

[tools.neovim."platforms.linux-arm64"]
url = "https://github.com/neovim/neovim/releases/download/nightly/nvim-linux-arm64.tar.gz"

[tools.neovim."platforms.linux-arm64-musl"]
url = "https://github.com/neovim/neovim/releases/download/nightly/nvim-linux-arm64.tar.gz"

[tools.neovim."platforms.linux-x64"]
url = "https://github.com/neovim/neovim/releases/download/nightly/nvim-linux-x86_64.tar.gz"

[tools.neovim."platforms.linux-x64-musl"]
url = "https://github.com/neovim/neovim/releases/download/nightly/nvim-linux-x86_64.tar.gz"

[tools.neovim."platforms.macos-arm64"]
url = "https://github.com/neovim/neovim/releases/download/nightly/nvim-macos-arm64.tar.gz"

[tools.neovim."platforms.macos-x64"]
url = "https://github.com/neovim/neovim/releases/download/nightly/nvim-macos-x86_64.tar.gz"

[tools.neovim."platforms.windows-x64"]
url = "https://github.com/neovim/neovim/releases/download/nightly/nvim-win64.zip"

[[tools.node]]
version = "22.23.2"
backend = "core:node"

[tools.node."platforms.linux-arm64"]
checksum = "sha256:013b59cfd2819703a6f4a14ab891fc46fc2a4e3f5bcd92de3fb4929b43e35b30"
url = "https://nodejs.org/dist/v22.23.2/node-v22.23.2-linux-arm64.tar.gz"

[tools.node."platforms.linux-arm64-musl"]
checksum = "sha256:b7a1a2b1c7c76e47550f17764676939840e0a64b4d04bdd375a4ac14bccaa8d8"
url = "https://unofficial-builds.nodejs.org/download/release/v22.23.2/node-v22.23.2-linux-arm64-musl.tar.gz"

[tools.node."platforms.linux-x64"]
checksum = "sha256:b294a556e639d64338823920e5866c21c02741742d2e1529ee1a225c1ec9252a"
url = "https://nodejs.org/dist/v22.23.2/node-v22.23.2-linux-x64.tar.gz"

[tools.node."platforms.linux-x64-musl"]
checksum = "sha256:396e11ee609eb2e5cb990f045c4d037aa47b2c247f3cecb01c5c162e33ffa9af"
url = "https://unofficial-builds.nodejs.org/download/release/v22.23.2/node-v22.23.2-linux-x64-musl.tar.gz"

[tools.node."platforms.macos-arm64"]
checksum = "sha256:61130f394c1630d211dd50aecc4353d379480f36d3ac913cd85dbba1aed585c6"
url = "https://nodejs.org/dist/v22.23.2/node-v22.23.2-darwin-arm64.tar.gz"

[tools.node."platforms.macos-x64"]
checksum = "sha256:58e99022c2ff89395576cc7fd4d98cea24bb68081475d5f88b801ee8729fb026"
url = "https://nodejs.org/dist/v22.23.2/node-v22.23.2-darwin-x64.tar.gz"

[tools.node."platforms.windows-x64"]
checksum = "sha256:1177b4137ba5adaa56354ae40f1080c7450e8ae09cecb47da459d1c52ac99f97"
url = "https://nodejs.org/dist/v22.23.2/node-v22.23.2-win-x64.zip"

[[tools.ripgrep]]
version = "15.2.0"
backend = "aqua:BurntSushi/ripgrep"

[tools.ripgrep."platforms.linux-arm64"]
checksum = "sha256:a740b91c82eaf9914cfedd353572f2791cbe0162c84101ee0951058f4dcbc90d"
url = "https://github.com/BurntSushi/ripgrep/releases/download/15.2.0/ripgrep-15.2.0-aarch64-unknown-linux-gnu.tar.gz"
url_api = "https://api.github.com/repos/BurntSushi/ripgrep/releases/assets/478119579"

[tools.ripgrep."platforms.linux-arm64-musl"]
checksum = "sha256:800b1e7206afe799dfb5a6901f23147cfaabe0e52210538100f61e86e1740915"
url = "https://github.com/BurntSushi/ripgrep/releases/download/15.2.0/ripgrep-15.2.0-aarch64-unknown-linux-musl.tar.gz"
url_api = "https://api.github.com/repos/BurntSushi/ripgrep/releases/assets/478120060"

[tools.ripgrep."platforms.linux-x64"]
checksum = "sha256:33e15bcf1624b25cdd2a55813a47a2f95dbe126268203e76aa6a585d1e7b149c"
url = "https://github.com/BurntSushi/ripgrep/releases/download/15.2.0/ripgrep-15.2.0-x86_64-unknown-linux-musl.tar.gz"
url_api = "https://api.github.com/repos/BurntSushi/ripgrep/releases/assets/478120097"

[tools.ripgrep."platforms.linux-x64-musl"]
checksum = "sha256:33e15bcf1624b25cdd2a55813a47a2f95dbe126268203e76aa6a585d1e7b149c"
url = "https://github.com/BurntSushi/ripgrep/releases/download/15.2.0/ripgrep-15.2.0-x86_64-unknown-linux-musl.tar.gz"
url_api = "https://api.github.com/repos/BurntSushi/ripgrep/releases/assets/478120097"

[tools.ripgrep."platforms.macos-arm64"]
checksum = "sha256:3750b2e93f37e0c692657da574d7019a101c0084da05a790c83fd335bad973e4"
url = "https://github.com/BurntSushi/ripgrep/releases/download/15.2.0/ripgrep-15.2.0-aarch64-apple-darwin.tar.gz"
url_api = "https://api.github.com/repos/BurntSushi/ripgrep/releases/assets/478118851"

[tools.ripgrep."platforms.macos-x64"]
checksum = "sha256:af7825fcc69a2afc7a7aea55fc9af90e26421d8f20fe59df32e233c0b8a231c1"
url = "https://github.com/BurntSushi/ripgrep/releases/download/15.2.0/ripgrep-15.2.0-x86_64-apple-darwin.tar.gz"
url_api = "https://api.github.com/repos/BurntSushi/ripgrep/releases/assets/478119585"

[tools.ripgrep."platforms.windows-x64"]
checksum = "sha256:71b2fef860abe467217a538ff31de02f5258807c0129f771846f87bd029aafc5"
url = "https://github.com/BurntSushi/ripgrep/releases/download/15.2.0/ripgrep-15.2.0-x86_64-pc-windows-msvc.zip"
url_api = "https://api.github.com/repos/BurntSushi/ripgrep/releases/assets/478119643"

[[tools.tree-sitter]]
version = "0.25.10"
backend = "aqua:tree-sitter/tree-sitter"

[tools.tree-sitter."platforms.linux-arm64"]
checksum = "sha256:07fbff8ae0eeb0d3e496e14fc1a30dcc730cc2c97d70e601e5357f2e51958af5"
url = "https://github.com/tree-sitter/tree-sitter/releases/download/v0.25.10/tree-sitter-linux-arm64.gz"
url_api = "https://api.github.com/repos/tree-sitter/tree-sitter/releases/assets/296134136"

[tools.tree-sitter."platforms.linux-arm64-musl"]
checksum = "sha256:07fbff8ae0eeb0d3e496e14fc1a30dcc730cc2c97d70e601e5357f2e51958af5"
url = "https://github.com/tree-sitter/tree-sitter/releases/download/v0.25.10/tree-sitter-linux-arm64.gz"
url_api = "https://api.github.com/repos/tree-sitter/tree-sitter/releases/assets/296134136"

[tools.tree-sitter."platforms.linux-x64"]
checksum = "sha256:8283ddba69253c698f6e987ba0e2f9285e079c8db4d36ebe1394b5bb3a0ebdfd"
url = "https://github.com/tree-sitter/tree-sitter/releases/download/v0.25.10/tree-sitter-linux-x64.gz"
url_api = "https://api.github.com/repos/tree-sitter/tree-sitter/releases/assets/296134134"

[tools.tree-sitter."platforms.linux-x64-musl"]
checksum = "sha256:8283ddba69253c698f6e987ba0e2f9285e079c8db4d36ebe1394b5bb3a0ebdfd"
url = "https://github.com/tree-sitter/tree-sitter/releases/download/v0.25.10/tree-sitter-linux-x64.gz"
url_api = "https://api.github.com/repos/tree-sitter/tree-sitter/releases/assets/296134134"

[tools.tree-sitter."platforms.macos-arm64"]
checksum = "sha256:a6295d469669f6e901b6029ae6c129bd094df582d278c237fada413505cb9c42"
url = "https://github.com/tree-sitter/tree-sitter/releases/download/v0.25.10/tree-sitter-macos-arm64.gz"
url_api = "https://api.github.com/repos/tree-sitter/tree-sitter/releases/assets/296134144"

[tools.tree-sitter."platforms.macos-x64"]
checksum = "sha256:c7a962bdc850dccb184afdb73853754767304d725b545362352d1838c9a18d7e"
url = "https://github.com/tree-sitter/tree-sitter/releases/download/v0.25.10/tree-sitter-macos-x64.gz"
url_api = "https://api.github.com/repos/tree-sitter/tree-sitter/releases/assets/296134147"

[tools.tree-sitter."platforms.windows-x64"]
checksum = "sha256:c940b471683b9cd89b9efbe8697e14b5244cc09d2e2b889d04c9c76eea1a8db3"
url = "https://github.com/tree-sitter/tree-sitter/releases/download/v0.25.10/tree-sitter-windows-x64.gz"
url_api = "https://api.github.com/repos/tree-sitter/tree-sitter/releases/assets/296134150"
